// !$*UTF8*$!
{
	archiveVersion = 1;
	classes = {
	};
	objectVersion = 46;
	objects = {

/* Begin PBXBuildFile section */
		05B9EDCB1B9E577C00818724 /* AppDelegate.swift in Sources */ = {isa = PBXBuildFile; fileRef = 05B9EDCA1B9E577C00818724 /* AppDelegate.swift */; };
		05B9EDCD1B9E577C00818724 /* ViewController.swift in Sources */ = {isa = PBXBuildFile; fileRef = 05B9EDCC1B9E577C00818724 /* ViewController.swift */; };
		05B9EDD01B9E577C00818724 /* Pinky.xcdatamodeld in Sources */ = {isa = PBXBuildFile; fileRef = 05B9EDCE1B9E577C00818724 /* Pinky.xcdatamodeld */; };
		05B9EDD21B9E577C00818724 /* Assets.xcassets in Resources */ = {isa = PBXBuildFile; fileRef = 05B9EDD11B9E577C00818724 /* Assets.xcassets */; };
		05B9EDD51B9E577C00818724 /* Main.storyboard in Resources */ = {isa = PBXBuildFile; fileRef = 05B9EDD31B9E577C00818724 /* Main.storyboard */; };
		05B9EDE01B9E577C00818724 /* PinkyTests.swift in Sources */ = {isa = PBXBuildFile; fileRef = 05B9EDDF1B9E577C00818724 /* PinkyTests.swift */; };
		05B9EDEB1B9E577C00818724 /* PinkyUITests.swift in Sources */ = {isa = PBXBuildFile; fileRef = 05B9EDEA1B9E577C00818724 /* PinkyUITests.swift */; };
		05B9EDFA1B9E579F00818724 /* DataSetClasses.swift in Sources */ = {isa = PBXBuildFile; fileRef = 05B9EDF91B9E579F00818724 /* DataSetClasses.swift */; settings = {ASSET_TAGS = (); }; };
		05B9EDFC1B9E582500818724 /* DataDetection.swift in Sources */ = {isa = PBXBuildFile; fileRef = 05B9EDFB1B9E582500818724 /* DataDetection.swift */; settings = {ASSET_TAGS = (); }; };
		05B9EDFE1B9E58BE00818724 /* RowsColumnsAndPoints.swift in Sources */ = {isa = PBXBuildFile; fileRef = 05B9EDFD1B9E58BE00818724 /* RowsColumnsAndPoints.swift */; settings = {ASSET_TAGS = (); }; };
		05B9EE061B9E5AAE00818724 /* CSVBase.swift in Sources */ = {isa = PBXBuildFile; fileRef = 05B9EE041B9E5AAE00818724 /* CSVBase.swift */; settings = {ASSET_TAGS = (); }; };
		05B9EE071B9E5AAE00818724 /* CSVReader.swift in Sources */ = {isa = PBXBuildFile; fileRef = 05B9EE051B9E5AAE00818724 /* CSVReader.swift */; settings = {ASSET_TAGS = (); }; };
/* End PBXBuildFile section */

/* Begin PBXContainerItemProxy section */
		05B9EDDC1B9E577C00818724 /* PBXContainerItemProxy */ = {
			isa = PBXContainerItemProxy;
			containerPortal = 05B9EDBF1B9E577C00818724 /* Project object */;
			proxyType = 1;
			remoteGlobalIDString = 05B9EDC61B9E577C00818724;
			remoteInfo = Pinky;
		};
		05B9EDE71B9E577C00818724 /* PBXContainerItemProxy */ = {
			isa = PBXContainerItemProxy;
			containerPortal = 05B9EDBF1B9E577C00818724 /* Project object */;
			proxyType = 1;
			remoteGlobalIDString = 05B9EDC61B9E577C00818724;
			remoteInfo = Pinky;
		};
/* End PBXContainerItemProxy section */

/* Begin PBXFileReference section */
		05B9EDC71B9E577C00818724 /* Pinky.app */ = {isa = PBXFileReference; explicitFileType = wrapper.application; includeInIndex = 0; path = Pinky.app; sourceTree = BUILT_PRODUCTS_DIR; };
		05B9EDCA1B9E577C00818724 /* AppDelegate.swift */ = {isa = PBXFileReference; lastKnownFileType = sourcecode.swift; path = AppDelegate.swift; sourceTree = "<group>"; };
		05B9EDCC1B9E577C00818724 /* ViewController.swift */ = {isa = PBXFileReference; lastKnownFileType = sourcecode.swift; path = ViewController.swift; sourceTree = "<group>"; };
		05B9EDCF1B9E577C00818724 /* Pinky.xcdatamodel */ = {isa = PBXFileReference; lastKnownFileType = wrapper.xcdatamodel; path = Pinky.xcdatamodel; sourceTree = "<group>"; };
		05B9EDD11B9E577C00818724 /* Assets.xcassets */ = {isa = PBXFileReference; lastKnownFileType = folder.assetcatalog; path = Assets.xcassets; sourceTree = "<group>"; };
		05B9EDD41B9E577C00818724 /* Base */ = {isa = PBXFileReference; lastKnownFileType = file.storyboard; name = Base; path = Base.lproj/Main.storyboard; sourceTree = "<group>"; };
		05B9EDD61B9E577C00818724 /* Info.plist */ = {isa = PBXFileReference; lastKnownFileType = text.plist.xml; path = Info.plist; sourceTree = "<group>"; };
		05B9EDDB1B9E577C00818724 /* PinkyTests.xctest */ = {isa = PBXFileReference; explicitFileType = wrapper.cfbundle; includeInIndex = 0; path = PinkyTests.xctest; sourceTree = BUILT_PRODUCTS_DIR; };
		05B9EDDF1B9E577C00818724 /* PinkyTests.swift */ = {isa = PBXFileReference; lastKnownFileType = sourcecode.swift; path = PinkyTests.swift; sourceTree = "<group>"; };
		05B9EDE11B9E577C00818724 /* Info.plist */ = {isa = PBXFileReference; lastKnownFileType = text.plist.xml; path = Info.plist; sourceTree = "<group>"; };
		05B9EDE61B9E577C00818724 /* PinkyUITests.xctest */ = {isa = PBXFileReference; explicitFileType = wrapper.cfbundle; includeInIndex = 0; path = PinkyUITests.xctest; sourceTree = BUILT_PRODUCTS_DIR; };
		05B9EDEA1B9E577C00818724 /* PinkyUITests.swift */ = {isa = PBXFileReference; lastKnownFileType = sourcecode.swift; path = PinkyUITests.swift; sourceTree = "<group>"; };
		05B9EDEC1B9E577C00818724 /* Info.plist */ = {isa = PBXFileReference; lastKnownFileType = text.plist.xml; path = Info.plist; sourceTree = "<group>"; };
		05B9EDF91B9E579F00818724 /* DataSetClasses.swift */ = {isa = PBXFileReference; fileEncoding = 4; lastKnownFileType = sourcecode.swift; name = DataSetClasses.swift; path = Data/DataSetClasses.swift; sourceTree = "<group>"; };
		05B9EDFB1B9E582500818724 /* DataDetection.swift */ = {isa = PBXFileReference; fileEncoding = 4; lastKnownFileType = sourcecode.swift; name = DataDetection.swift; path = Data/DataDetection.swift; sourceTree = "<group>"; };
		05B9EDFD1B9E58BE00818724 /* RowsColumnsAndPoints.swift */ = {isa = PBXFileReference; fileEncoding = 4; lastKnownFileType = sourcecode.swift; path = RowsColumnsAndPoints.swift; sourceTree = "<group>"; };
		05B9EE041B9E5AAE00818724 /* CSVBase.swift */ = {isa = PBXFileReference; fileEncoding = 4; lastKnownFileType = sourcecode.swift; name = CSVBase.swift; path = CSV/CSVBase.swift; sourceTree = "<group>"; };
		05B9EE051B9E5AAE00818724 /* CSVReader.swift */ = {isa = PBXFileReference; fileEncoding = 4; lastKnownFileType = sourcecode.swift; name = CSVReader.swift; path = CSV/CSVReader.swift; sourceTree = "<group>"; };
/* End PBXFileReference section */

/* Begin PBXFrameworksBuildPhase section */
		05B9EDC41B9E577C00818724 /* Frameworks */ = {
			isa = PBXFrameworksBuildPhase;
			buildActionMask = 2147483647;
			files = (
			);
			runOnlyForDeploymentPostprocessing = 0;
		};
		05B9EDD81B9E577C00818724 /* Frameworks */ = {
			isa = PBXFrameworksBuildPhase;
			buildActionMask = 2147483647;
			files = (
			);
			runOnlyForDeploymentPostprocessing = 0;
		};
		05B9EDE31B9E577C00818724 /* Frameworks */ = {
			isa = PBXFrameworksBuildPhase;
			buildActionMask = 2147483647;
			files = (
			);
			runOnlyForDeploymentPostprocessing = 0;
		};
/* End PBXFrameworksBuildPhase section */

/* Begin PBXGroup section */
		05B9EDBE1B9E577C00818724 = {
			isa = PBXGroup;
			children = (
				05B9EDC91B9E577C00818724 /* Pinky */,
				05B9EDDE1B9E577C00818724 /* PinkyTests */,
				05B9EDE91B9E577C00818724 /* PinkyUITests */,
				05B9EDC81B9E577C00818724 /* Products */,
			);
			sourceTree = "<group>";
		};
		05B9EDC81B9E577C00818724 /* Products */ = {
			isa = PBXGroup;
			children = (
				05B9EDC71B9E577C00818724 /* Pinky.app */,
				05B9EDDB1B9E577C00818724 /* PinkyTests.xctest */,
				05B9EDE61B9E577C00818724 /* PinkyUITests.xctest */,
			);
			name = Products;
			sourceTree = "<group>";
		};
		05B9EDC91B9E577C00818724 /* Pinky */ = {
			isa = PBXGroup;
			children = (
				05B9EDFF1B9E5A1600818724 /* CSV */,
				05B9EDF81B9E578500818724 /* Data */,
				05B9EDCA1B9E577C00818724 /* AppDelegate.swift */,
				05B9EDCC1B9E577C00818724 /* ViewController.swift */,
				05B9EDD11B9E577C00818724 /* Assets.xcassets */,
				05B9EDD31B9E577C00818724 /* Main.storyboard */,
				05B9EDD61B9E577C00818724 /* Info.plist */,
				05B9EDCE1B9E577C00818724 /* Pinky.xcdatamodeld */,
			);
			path = Pinky;
			sourceTree = "<group>";
		};
		05B9EDDE1B9E577C00818724 /* PinkyTests */ = {
			isa = PBXGroup;
			children = (
				05B9EDDF1B9E577C00818724 /* PinkyTests.swift */,
				05B9EDE11B9E577C00818724 /* Info.plist */,
			);
			path = PinkyTests;
			sourceTree = "<group>";
		};
		05B9EDE91B9E577C00818724 /* PinkyUITests */ = {
			isa = PBXGroup;
			children = (
				05B9EDEA1B9E577C00818724 /* PinkyUITests.swift */,
				05B9EDEC1B9E577C00818724 /* Info.plist */,
			);
			path = PinkyUITests;
			sourceTree = "<group>";
		};
		05B9EDF81B9E578500818724 /* Data */ = {
			isa = PBXGroup;
			children = (
				05B9EDF91B9E579F00818724 /* DataSetClasses.swift */,
				05B9EDFB1B9E582500818724 /* DataDetection.swift */,
				05B9EDFD1B9E58BE00818724 /* RowsColumnsAndPoints.swift */,
			);
			name = Data;
			sourceTree = "<group>";
		};
		05B9EDFF1B9E5A1600818724 /* CSV */ = {
			isa = PBXGroup;
			children = (
				05B9EE041B9E5AAE00818724 /* CSVBase.swift */,
				05B9EE051B9E5AAE00818724 /* CSVReader.swift */,
			);
			name = CSV;
			sourceTree = "<group>";
		};
/* End PBXGroup section */

/* Begin PBXNativeTarget section */
		05B9EDC61B9E577C00818724 /* Pinky */ = {
			isa = PBXNativeTarget;
			buildConfigurationList = 05B9EDEF1B9E577C00818724 /* Build configuration list for PBXNativeTarget "Pinky" */;
			buildPhases = (
				05B9EDC31B9E577C00818724 /* Sources */,
				05B9EDC41B9E577C00818724 /* Frameworks */,
				05B9EDC51B9E577C00818724 /* Resources */,
			);
			buildRules = (
			);
			dependencies = (
			);
			name = Pinky;
			productName = Pinky;
			productReference = 05B9EDC71B9E577C00818724 /* Pinky.app */;
			productType = "com.apple.product-type.application";
		};
		05B9EDDA1B9E577C00818724 /* PinkyTests */ = {
			isa = PBXNativeTarget;
			buildConfigurationList = 05B9EDF21B9E577C00818724 /* Build configuration list for PBXNativeTarget "PinkyTests" */;
			buildPhases = (
				05B9EDD71B9E577C00818724 /* Sources */,
				05B9EDD81B9E577C00818724 /* Frameworks */,
				05B9EDD91B9E577C00818724 /* Resources */,
			);
			buildRules = (
			);
			dependencies = (
				05B9EDDD1B9E577C00818724 /* PBXTargetDependency */,
			);
			name = PinkyTests;
			productName = PinkyTests;
			productReference = 05B9EDDB1B9E577C00818724 /* PinkyTests.xctest */;
			productType = "com.apple.product-type.bundle.unit-test";
		};
		05B9EDE51B9E577C00818724 /* PinkyUITests */ = {
			isa = PBXNativeTarget;
			buildConfigurationList = 05B9EDF51B9E577C00818724 /* Build configuration list for PBXNativeTarget "PinkyUITests" */;
			buildPhases = (
				05B9EDE21B9E577C00818724 /* Sources */,
				05B9EDE31B9E577C00818724 /* Frameworks */,
				05B9EDE41B9E577C00818724 /* Resources */,
			);
			buildRules = (
			);
			dependencies = (
				05B9EDE81B9E577C00818724 /* PBXTargetDependency */,
			);
			name = PinkyUITests;
			productName = PinkyUITests;
			productReference = 05B9EDE61B9E577C00818724 /* PinkyUITests.xctest */;
			productType = "com.apple.product-type.bundle.ui-testing";
		};
/* End PBXNativeTarget section */

/* Begin PBXProject section */
		05B9EDBF1B9E577C00818724 /* Project object */ = {
			isa = PBXProject;
			attributes = {
				LastUpgradeCheck = 0700;
				ORGANIZATIONNAME = "menke dev";
				TargetAttributes = {
					05B9EDC61B9E577C00818724 = {
						CreatedOnToolsVersion = 7.0;
					};
					05B9EDDA1B9E577C00818724 = {
						CreatedOnToolsVersion = 7.0;
						TestTargetID = 05B9EDC61B9E577C00818724;
					};
					05B9EDE51B9E577C00818724 = {
						CreatedOnToolsVersion = 7.0;
						TestTargetID = 05B9EDC61B9E577C00818724;
					};
				};
			};
			buildConfigurationList = 05B9EDC21B9E577C00818724 /* Build configuration list for PBXProject "Pinky" */;
			compatibilityVersion = "Xcode 3.2";
			developmentRegion = English;
			hasScannedForEncodings = 0;
			knownRegions = (
				en,
				Base,
			);
			mainGroup = 05B9EDBE1B9E577C00818724;
			productRefGroup = 05B9EDC81B9E577C00818724 /* Products */;
			projectDirPath = "";
			projectRoot = "";
			targets = (
				05B9EDC61B9E577C00818724 /* Pinky */,
				05B9EDDA1B9E577C00818724 /* PinkyTests */,
				05B9EDE51B9E577C00818724 /* PinkyUITests */,
			);
		};
/* End PBXProject section */

/* Begin PBXResourcesBuildPhase section */
		05B9EDC51B9E577C00818724 /* Resources */ = {
			isa = PBXResourcesBuildPhase;
			buildActionMask = 2147483647;
			files = (
				05B9EDD21B9E577C00818724 /* Assets.xcassets in Resources */,
				05B9EDD51B9E577C00818724 /* Main.storyboard in Resources */,
			);
			runOnlyForDeploymentPostprocessing = 0;
		};
		05B9EDD91B9E577C00818724 /* Resources */ = {
			isa = PBXResourcesBuildPhase;
			buildActionMask = 2147483647;
			files = (
			);
			runOnlyForDeploymentPostprocessing = 0;
		};
		05B9EDE41B9E577C00818724 /* Resources */ = {
			isa = PBXResourcesBuildPhase;
			buildActionMask = 2147483647;
			files = (
			);
			runOnlyForDeploymentPostprocessing = 0;
		};
/* End PBXResourcesBuildPhase section */

/* Begin PBXSourcesBuildPhase section */
		05B9EDC31B9E577C00818724 /* Sources */ = {
			isa = PBXSourcesBuildPhase;
			buildActionMask = 2147483647;
			files = (
				05B9EDCD1B9E577C00818724 /* ViewController.swift in Sources */,
				05B9EE071B9E5AAE00818724 /* CSVReader.swift in Sources */,
				05B9EDCB1B9E577C00818724 /* AppDelegate.swift in Sources */,
				05B9EDFC1B9E582500818724 /* DataDetection.swift in Sources */,
				05B9EDFE1B9E58BE00818724 /* RowsColumnsAndPoints.swift in Sources */,
				05B9EDD01B9E577C00818724 /* Pinky.xcdatamodeld in Sources */,
				05B9EE061B9E5AAE00818724 /* CSVBase.swift in Sources */,
				05B9EDFA1B9E579F00818724 /* DataSetClasses.swift in Sources */,
			);
			runOnlyForDeploymentPostprocessing = 0;
		};
		05B9EDD71B9E577C00818724 /* Sources */ = {
			isa = PBXSourcesBuildPhase;
			buildActionMask = 2147483647;
			files = (
				05B9EDE01B9E577C00818724 /* PinkyTests.swift in Sources */,
			);
			runOnlyForDeploymentPostprocessing = 0;
		};
		05B9EDE21B9E577C00818724 /* Sources */ = {
			isa = PBXSourcesBuildPhase;
			buildActionMask = 2147483647;
			files = (
				05B9EDEB1B9E577C00818724 /* PinkyUITests.swift in Sources */,
			);
			runOnlyForDeploymentPostprocessing = 0;
		};
/* End PBXSourcesBuildPhase section */

/* Begin PBXTargetDependency section */
		05B9EDDD1B9E577C00818724 /* PBXTargetDependency */ = {
			isa = PBXTargetDependency;
			target = 05B9EDC61B9E577C00818724 /* Pinky */;
			targetProxy = 05B9EDDC1B9E577C00818724 /* PBXContainerItemProxy */;
		};
		05B9EDE81B9E577C00818724 /* PBXTargetDependency */ = {
			isa = PBXTargetDependency;
			target = 05B9EDC61B9E577C00818724 /* Pinky */;
			targetProxy = 05B9EDE71B9E577C00818724 /* PBXContainerItemProxy */;
		};
/* End PBXTargetDependency section */

/* Begin PBXVariantGroup section */
		05B9EDD31B9E577C00818724 /* Main.storyboard */ = {
			isa = PBXVariantGroup;
			children = (
				05B9EDD41B9E577C00818724 /* Base */,
			);
			name = Main.storyboard;
			sourceTree = "<group>";
		};
/* End PBXVariantGroup section */

/* Begin XCBuildConfiguration section */
		05B9EDED1B9E577C00818724 /* Debug */ = {
			isa = XCBuildConfiguration;
			buildSettings = {
				ALWAYS_SEARCH_USER_PATHS = NO;
				CLANG_CXX_LANGUAGE_STANDARD = "gnu++0x";
				CLANG_CXX_LIBRARY = "libc++";
				CLANG_ENABLE_MODULES = YES;
				CLANG_ENABLE_OBJC_ARC = YES;
				CLANG_WARN_BOOL_CONVERSION = YES;
				CLANG_WARN_CONSTANT_CONVERSION = YES;
				CLANG_WARN_DIRECT_OBJC_ISA_USAGE = YES_ERROR;
				CLANG_WARN_EMPTY_BODY = YES;
				CLANG_WARN_ENUM_CONVERSION = YES;
				CLANG_WARN_INT_CONVERSION = YES;
				CLANG_WARN_OBJC_ROOT_CLASS = YES_ERROR;
				CLANG_WARN_UNREACHABLE_CODE = YES;
				CLANG_WARN__DUPLICATE_METHOD_MATCH = YES;
				CODE_SIGN_IDENTITY = "-";
				COPY_PHASE_STRIP = NO;
				DEBUG_INFORMATION_FORMAT = dwarf;
				ENABLE_STRICT_OBJC_MSGSEND = YES;
				ENABLE_TESTABILITY = YES;
				GCC_C_LANGUAGE_STANDARD = gnu99;
				GCC_DYNAMIC_NO_PIC = NO;
				GCC_NO_COMMON_BLOCKS = YES;
				GCC_OPTIMIZATION_LEVEL = 0;
				GCC_PREPROCESSOR_DEFINITIONS = (
					"DEBUG=1",
					"$(inherited)",
				);
				GCC_WARN_64_TO_32_BIT_CONVERSION = YES;
				GCC_WARN_ABOUT_RETURN_TYPE = YES_ERROR;
				GCC_WARN_UNDECLARED_SELECTOR = YES;
				GCC_WARN_UNINITIALIZED_AUTOS = YES_AGGRESSIVE;
				GCC_WARN_UNUSED_FUNCTION = YES;
				GCC_WARN_UNUSED_VARIABLE = YES;
				MACOSX_DEPLOYMENT_TARGET = 10.11;
				MTL_ENABLE_DEBUG_INFO = YES;
				ONLY_ACTIVE_ARCH = YES;
				SDKROOT = macosx;
				SWIFT_OPTIMIZATION_LEVEL = "-Onone";
			};
			name = Debug;
		};
		05B9EDEE1B9E577C00818724 /* Release */ = {
			isa = XCBuildConfiguration;
			buildSettings = {
				ALWAYS_SEARCH_USER_PATHS = NO;
				CLANG_CXX_LANGUAGE_STANDARD = "gnu++0x";
				CLANG_CXX_LIBRARY = "libc++";
				CLANG_ENABLE_MODULES = YES;
				CLANG_ENABLE_OBJC_ARC = YES;
				CLANG_WARN_BOOL_CONVERSION = YES;
				CLANG_WARN_CONSTANT_CONVERSION = YES;
				CLANG_WARN_DIRECT_OBJC_ISA_USAGE = YES_ERROR;
				CLANG_WARN_EMPTY_BODY = YES;
				CLANG_WARN_ENUM_CONVERSION = YES;
				CLANG_WARN_INT_CONVERSION = YES;
				CLANG_WARN_OBJC_ROOT_CLASS = YES_ERROR;
				CLANG_WARN_UNREACHABLE_CODE = YES;
				CLANG_WARN__DUPLICATE_METHOD_MATCH = YES;
				CODE_SIGN_IDENTITY = "-";
				COPY_PHASE_STRIP = NO;
				DEBUG_INFORMATION_FORMAT = "dwarf-with-dsym";
				ENABLE_NS_ASSERTIONS = NO;
				ENABLE_STRICT_OBJC_MSGSEND = YES;
				GCC_C_LANGUAGE_STANDARD = gnu99;
				GCC_NO_COMMON_BLOCKS = YES;
				GCC_WARN_64_TO_32_BIT_CONVERSION = YES;
				GCC_WARN_ABOUT_RETURN_TYPE = YES_ERROR;
				GCC_WARN_UNDECLARED_SELECTOR = YES;
				GCC_WARN_UNINITIALIZED_AUTOS = YES_AGGRESSIVE;
				GCC_WARN_UNUSED_FUNCTION = YES;
				GCC_WARN_UNUSED_VARIABLE = YES;
				MACOSX_DEPLOYMENT_TARGET = 10.11;
				MTL_ENABLE_DEBUG_INFO = NO;
				SDKROOT = macosx;
			};
			name = Release;
		};
		05B9EDF01B9E577C00818724 /* Debug */ = {
			isa = XCBuildConfiguration;
			buildSettings = {
				ASSETCATALOG_COMPILER_APPICON_NAME = AppIcon;
				COMBINE_HIDPI_IMAGES = YES;
				INFOPLIST_FILE = Pinky/Info.plist;
				LD_RUNPATH_SEARCH_PATHS = "$(inherited) @executable_path/../Frameworks";
				PRODUCT_BUNDLE_IDENTIFIER = "com.menke-dev.Pinky";
				PRODUCT_NAME = "$(TARGET_NAME)";
			};
			name = Debug;
		};
		05B9EDF11B9E577C00818724 /* Release */ = {
			isa = XCBuildConfiguration;
			buildSettings = {
				ASSETCATALOG_COMPILER_APPICON_NAME = AppIcon;
				COMBINE_HIDPI_IMAGES = YES;
				INFOPLIST_FILE = Pinky/Info.plist;
				LD_RUNPATH_SEARCH_PATHS = "$(inherited) @executable_path/../Frameworks";
				PRODUCT_BUNDLE_IDENTIFIER = "com.menke-dev.Pinky";
				PRODUCT_NAME = "$(TARGET_NAME)";
			};
			name = Release;
		};
		05B9EDF31B9E577C00818724 /* Debug */ = {
			isa = XCBuildConfiguration;
			buildSettings = {
				BUNDLE_LOADER = "$(TEST_HOST)";
				COMBINE_HIDPI_IMAGES = YES;
				INFOPLIST_FILE = PinkyTests/Info.plist;
				LD_RUNPATH_SEARCH_PATHS = "$(inherited) @executable_path/../Frameworks @loader_path/../Frameworks";
				PRODUCT_BUNDLE_IDENTIFIER = "com.menke-dev.PinkyTests";
				PRODUCT_NAME = "$(TARGET_NAME)";
				TEST_HOST = "$(BUILT_PRODUCTS_DIR)/Pinky.app/Contents/MacOS/Pinky";
			};
			name = Debug;
		};
		05B9EDF41B9E577C00818724 /* Release */ = {
			isa = XCBuildConfiguration;
			buildSettings = {
				BUNDLE_LOADER = "$(TEST_HOST)";
				COMBINE_HIDPI_IMAGES = YES;
				INFOPLIST_FILE = PinkyTests/Info.plist;
				LD_RUNPATH_SEARCH_PATHS = "$(inherited) @executable_path/../Frameworks @loader_path/../Frameworks";
				PRODUCT_BUNDLE_IDENTIFIER = "com.menke-dev.PinkyTests";
				PRODUCT_NAME = "$(TARGET_NAME)";
				TEST_HOST = "$(BUILT_PRODUCTS_DIR)/Pinky.app/Contents/MacOS/Pinky";
			};
			name = Release;
		};
		05B9EDF61B9E577C00818724 /* Debug */ = {
			isa = XCBuildConfiguration;
			buildSettings = {
				COMBINE_HIDPI_IMAGES = YES;
				INFOPLIST_FILE = PinkyUITests/Info.plist;
				LD_RUNPATH_SEARCH_PATHS = "$(inherited) @executable_path/../Frameworks @loader_path/../Frameworks";
				PRODUCT_BUNDLE_IDENTIFIER = "com.menke-dev.PinkyUITests";
				PRODUCT_NAME = "$(TARGET_NAME)";
				TEST_TARGET_NAME = Pinky;
				USES_XCTRUNNER = YES;
			};
			name = Debug;
		};
		05B9EDF71B9E577C00818724 /* Release */ = {
			isa = XCBuildConfiguration;
			buildSettings = {
				COMBINE_HIDPI_IMAGES = YES;
				INFOPLIST_FILE = PinkyUITests/Info.plist;
				LD_RUNPATH_SEARCH_PATHS = "$(inherited) @executable_path/../Frameworks @loader_path/../Frameworks";
				PRODUCT_BUNDLE_IDENTIFIER = "com.menke-dev.PinkyUITests";
				PRODUCT_NAME = "$(TARGET_NAME)";
				TEST_TARGET_NAME = Pinky;
				USES_XCTRUNNER = YES;
			};
			name = Release;
		};
/* End XCBuildConfiguration section */

/* Begin XCConfigurationList section */
		05B9EDC21B9E577C00818724 /* Build configuration list for PBXProject "Pinky" */ = {
			isa = XCConfigurationList;
			buildConfigurations = (
				05B9EDED1B9E577C00818724 /* Debug */,
				05B9EDEE1B9E577C00818724 /* Release */,
			);
			defaultConfigurationIsVisible = 0;
			defaultConfigurationName = Release;
		};
		05B9EDEF1B9E577C00818724 /* Build configuration list for PBXNativeTarget "Pinky" */ = {
			isa = XCConfigurationList;
			buildConfigurations = (
				05B9EDF01B9E577C00818724 /* Debug */,
				05B9EDF11B9E577C00818724 /* Release */,
			);
			defaultConfigurationIsVisible = 0;
			defaultConfigurationName = Release;
		};
		05B9EDF21B9E577C00818724 /* Build configuration list for PBXNativeTarget "PinkyTests" */ = {
			isa = XCConfigurationList;
			buildConfigurations = (
				05B9EDF31B9E577C00818724 /* Debug */,
				05B9EDF41B9E577C00818724 /* Release */,
			);
			defaultConfigurationIsVisible = 0;
			defaultConfigurationName = Release;
		};
		05B9EDF51B9E577C00818724 /* Build configuration list for PBXNativeTarget "PinkyUITests" */ = {
			isa = XCConfigurationList;
			buildConfigurations = (
				05B9EDF61B9E577C00818724 /* Debug */,
				05B9EDF71B9E577C00818724 /* Release */,
			);
			defaultConfigurationIsVisible = 0;
			defaultConfigurationName = Release;
		};
/* End XCConfigurationList section */

/* Begin XCVersionGroup section */
		05B9EDCE1B9E577C00818724 /* Pinky.xcdatamodeld */ = {
			isa = XCVersionGroup;
			children = (
				05B9EDCF1B9E577C00818724 /* Pinky.xcdatamodel */,
			);
			currentVersion = 05B9EDCF1B9E577C00818724 /* Pinky.xcdatamodel */;
			path = Pinky.xcdatamodeld;
			sourceTree = "<group>";
			versionGroupType = wrapper.xcdatamodel;
		};
/* End XCVersionGroup section */
	};
	rootObject = 05B9EDBF1B9E577C00818724 /* Project object */;
}
